{
  "name": "TPFinal",
  "version": "1.0.0",
  "lockfileVersion": 1,
  "requires": true,
  "dependencies": {
    "@pmoo/oow": {
      "version": "1.5.0",
      "resolved": "https://registry.npmjs.org/@pmoo/oow/-/oow-1.5.0.tgz",
      "integrity": "sha512-Hnlvo9cP+dq2cPFNWk6PCniGXwwEZ9duX2mL2T310Gd0QlYwwO/+yk3cuFfY5/GIbvfCo2cXTouiMBa+8DVHxw=="
    },
    "@pmoo/testy": {
      "version": "2.7.1",
      "resolved": "https://registry.npmjs.org/@pmoo/testy/-/testy-2.7.1.tgz",
      "integrity": "sha512-XGTIwCS2XNtUvKKpqFLN0oK7oMw0lwukTzUpImmfLbF+Jx1wqZHr92zwOYMUqrU5XP1WXWNWiWJN5IgkbHwRyA==",
      "dev": true,
      "requires": {
        "require-dir": "1.2.0"
      }
    },
    "require-dir": {
      "version": "1.2.0",
      "resolved": "https://registry.npmjs.org/require-dir/-/require-dir-1.2.0.tgz",
      "integrity": "sha512-LY85DTSu+heYgDqq/mK+7zFHWkttVNRXC9NKcKGyuGLdlsfbjEPrIEYdCVrx6hqnJb+xSu3Lzaoo8VnmOhhjNA==",
      "dev": true
    }
  }
}
